
Microsoft Visual Studio Solution File, Format Version 12.00
# Visual Studio Version 16
VisualStudioVersion = 16.0.30611.23
MinimumVisualStudioVersion = 10.0.40219.1
Project("{9A19103F-16F7-4668-BE54-9A1E7A4F7556}") = "LearningDictionary.Core", "LearningDictionary.Core\LearningDictionary.Core.csproj", "{37209F52-3026-4C0C-BF62-CD8680EE71A5}"
EndProject
Project("{FAE04EC0-301F-11D3-BF4B-00C04F79EFBC}") = "LearningDictionaryUI.Mobile.Android", "LearningDictionaryUI.Mobile\LearningDictionaryUI.Mobile.Android\LearningDictionaryUI.Mobile.Android.csproj", "{D3AD87CB-B1B8-462C-9106-99D23D498CA2}"
EndProject
Project("{FAE04EC0-301F-11D3-BF4B-00C04F79EFBC}") = "LearningDictionaryUI.Mobile.iOS", "LearningDictionaryUI.Mobile\LearningDictionaryUI.Mobile.iOS\LearningDictionaryUI.Mobile.iOS.csproj", "{552444AB-44F5-4D1F-B54D-EBA6DEB50D08}"
EndProject
Project("{9A19103F-16F7-4668-BE54-9A1E7A4F7556}") = "LearningDictionaryUI.Mobile", "LearningDictionaryUI.Mobile\LearningDictionaryUI.Mobile\LearningDictionaryUI.Mobile.csproj", "{138A486D-A41A-45BD-AAC0-5F0F232D7B86}"
EndProject
Project("{FAE04EC0-301F-11D3-BF4B-00C04F79EFBC}") = "LearningDictionaryUI.Desktop", "LearningDictionaryUI.Desktop\LearningDictionaryUI.Desktop.csproj", "{9A382690-1537-46BE-9E77-E47BAC137771}"
EndProject
Global
	GlobalSection(SolutionConfigurationPlatforms) = preSolution
		Debug|Any CPU = Debug|Any CPU
		Debug|iPhone = Debug|iPhone
		Debug|iPhoneSimulator = Debug|iPhoneSimulator
		Release|Any CPU = Release|Any CPU
		Release|iPhone = Release|iPhone
		Release|iPhoneSimulator = Release|iPhoneSimulator
	EndGlobalSection
	GlobalSection(ProjectConfigurationPlatforms) = postSolution
		{37209F52-3026-4C0C-BF62-CD8680EE71A5}.Debug|Any CPU.ActiveCfg = Debug|Any CPU
		{37209F52-3026-4C0C-BF62-CD8680EE71A5}.Debug|Any CPU.Build.0 = Debug|Any CPU
		{37209F52-3026-4C0C-BF62-CD8680EE71A5}.Debug|iPhone.ActiveCfg = Debug|Any CPU
		{37209F52-3026-4C0C-BF62-CD8680EE71A5}.Debug|iPhone.Build.0 = Debug|Any CPU
		{37209F52-3026-4C0C-BF62-CD8680EE71A5}.Debug|iPhoneSimulator.ActiveCfg = Debug|Any CPU
		{37209F52-3026-4C0C-BF62-CD8680EE71A5}.Debug|iPhoneSimulator.Build.0 = Debug|Any CPU
		{37209F52-3026-4C0C-BF62-CD8680EE71A5}.Release|Any CPU.ActiveCfg = Release|Any CPU
		{37209F52-3026-4C0C-BF62-CD8680EE71A5}.Release|Any CPU.Build.0 = Release|Any CPU
		{37209F52-3026-4C0C-BF62-CD8680EE71A5}.Release|iPhone.ActiveCfg = Release|Any CPU
		{37209F52-3026-4C0C-BF62-CD8680EE71A5}.Release|iPhone.Build.0 = Release|Any CPU
		{37209F52-3026-4C0C-BF62-CD8680EE71A5}.Release|iPhoneSimulator.ActiveCfg = Release|Any CPU
		{37209F52-3026-4C0C-BF62-CD8680EE71A5}.Release|iPhoneSimulator.Build.0 = Release|Any CPU
		{D3AD87CB-B1B8-462C-9106-99D23D498CA2}.Debug|Any CPU.ActiveCfg = Debug|Any CPU
		{D3AD87CB-B1B8-462C-9106-99D23D498CA2}.Debug|Any CPU.Build.0 = Debug|Any CPU
		{D3AD87CB-B1B8-462C-9106-99D23D498CA2}.Debug|Any CPU.Deploy.0 = Debug|Any CPU
		{D3AD87CB-B1B8-462C-9106-99D23D498CA2}.Debug|iPhone.ActiveCfg = Debug|Any CPU
		{D3AD87CB-B1B8-462C-9106-99D23D498CA2}.Debug|iPhone.Build.0 = Debug|Any CPU
		{D3AD87CB-B1B8-462C-9106-99D23D498CA2}.Debug|iPhone.Deploy.0 = Debug|Any CPU
		{D3AD87CB-B1B8-462C-9106-99D23D498CA2}.Debug|iPhoneSimulator.ActiveCfg = Debug|Any CPU
		{D3AD87CB-B1B8-462C-9106-99D23D498CA2}.Debug|iPhoneSimulator.Build.0 = Debug|Any CPU
		{D3AD87CB-B1B8-462C-9106-99D23D498CA2}.Debug|iPhoneSimulator.Deploy.0 = Debug|Any CPU
		{D3AD87CB-B1B8-462C-9106-99D23D498CA2}.Release|Any CPU.ActiveCfg = Release|Any CPU
		{D3AD87CB-B1B8-462C-9106-99D23D498CA2}.Release|Any CPU.Build.0 = Release|Any CPU
		{D3AD87CB-B1B8-462C-9106-99D23D498CA2}.Release|Any CPU.Deploy.0 = Release|Any CPU
		{D3AD87CB-B1B8-462C-9106-99D23D498CA2}.Release|iPhone.ActiveCfg = Release|Any CPU
		{D3AD87CB-B1B8-462C-9106-99D23D498CA2}.Release|iPhone.Build.0 = Release|Any CPU
		{D3AD87CB-B1B8-462C-9106-99D23D498CA2}.Release|iPhone.Deploy.0 = Release|Any CPU
		{D3AD87CB-B1B8-462C-9106-99D23D498CA2}.Release|iPhoneSimulator.ActiveCfg = Release|Any CPU
		{D3AD87CB-B1B8-462C-9106-99D23D498CA2}.Release|iPhoneSimulator.Build.0 = Release|Any CPU
		{D3AD87CB-B1B8-462C-9106-99D23D498CA2}.Release|iPhoneSimulator.Deploy.0 = Release|Any CPU
		{552444AB-44F5-4D1F-B54D-EBA6DEB50D08}.Debug|Any CPU.ActiveCfg = Debug|iPhoneSimulator
		{552444AB-44F5-4D1F-B54D-EBA6DEB50D08}.Debug|iPhone.ActiveCfg = Debug|iPhone
		{552444AB-44F5-4D1F-B54D-EBA6DEB50D08}.Debug|iPhone.Build.0 = Debug|iPhone
		{552444AB-44F5-4D1F-B54D-EBA6DEB50D08}.Debug|iPhoneSimulator.ActiveCfg = Debug|iPhoneSimulator
		{552444AB-44F5-4D1F-B54D-EBA6DEB50D08}.Debug|iPhoneSimulator.Build.0 = Debug|iPhoneSimulator
		{552444AB-44F5-4D1F-B54D-EBA6DEB50D08}.Release|Any CPU.ActiveCfg = Release|iPhoneSimulator
		{552444AB-44F5-4D1F-B54D-EBA6DEB50D08}.Release|iPhone.ActiveCfg = Release|iPhone
		{552444AB-44F5-4D1F-B54D-EBA6DEB50D08}.Release|iPhone.Build.0 = Release|iPhone
		{552444AB-44F5-4D1F-B54D-EBA6DEB50D08}.Release|iPhoneSimulator.ActiveCfg = Release|iPhoneSimulator
		{552444AB-44F5-4D1F-B54D-EBA6DEB50D08}.Release|iPhoneSimulator.Build.0 = Release|iPhoneSimulator
		{138A486D-A41A-45BD-AAC0-5F0F232D7B86}.Debug|Any CPU.ActiveCfg = Debug|Any CPU
		{138A486D-A41A-45BD-AAC0-5F0F232D7B86}.Debug|Any CPU.Build.0 = Debug|Any CPU
		{138A486D-A41A-45BD-AAC0-5F0F232D7B86}.Debug|iPhone.ActiveCfg = Debug|Any CPU
		{138A486D-A41A-45BD-AAC0-5F0F232D7B86}.Debug|iPhone.Build.0 = Debug|Any CPU
		{138A486D-A41A-45BD-AAC0-5F0F232D7B86}.Debug|iPhoneSimulator.ActiveCfg = Debug|Any CPU
		{138A486D-A41A-45BD-AAC0-5F0F232D7B86}.Debug|iPhoneSimulator.Build.0 = Debug|Any CPU
		{138A486D-A41A-45BD-AAC0-5F0F232D7B86}.Release|Any CPU.ActiveCfg = Release|Any CPU
		{138A486D-A41A-45BD-AAC0-5F0F232D7B86}.Release|Any CPU.Build.0 = Release|Any CPU
		{138A486D-A41A-45BD-AAC0-5F0F232D7B86}.Release|iPhone.ActiveCfg = Release|Any CPU
		{138A486D-A41A-45BD-AAC0-5F0F232D7B86}.Release|iPhone.Build.0 = Release|Any CPU
		{138A486D-A41A-45BD-AAC0-5F0F232D7B86}.Release|iPhoneSimulator.ActiveCfg = Release|Any CPU
		{138A486D-A41A-45BD-AAC0-5F0F232D7B86}.Release|iPhoneSimulator.Build.0 = Release|Any CPU
		{9A382690-1537-46BE-9E77-E47BAC137771}.Debug|Any CPU.ActiveCfg = Debug|Any CPU
		{9A382690-1537-46BE-9E77-E47BAC137771}.Debug|Any CPU.Build.0 = Debug|Any CPU
		{9A382690-1537-46BE-9E77-E47BAC137771}.Debug|iPhone.ActiveCfg = Debug|Any CPU
		{9A382690-1537-46BE-9E77-E47BAC137771}.Debug|iPhone.Build.0 = Debug|Any CPU
		{9A382690-1537-46BE-9E77-E47BAC137771}.Debug|iPhoneSimulator.ActiveCfg = Debug|Any CPU
		{9A382690-1537-46BE-9E77-E47BAC137771}.Debug|iPhoneSimulator.Build.0 = Debug|Any CPU
		{9A382690-1537-46BE-9E77-E47BAC137771}.Release|Any CPU.ActiveCfg = Release|Any CPU
		{9A382690-1537-46BE-9E77-E47BAC137771}.Release|Any CPU.Build.0 = Release|Any CPU
		{9A382690-1537-46BE-9E77-E47BAC137771}.Release|iPhone.ActiveCfg = Release|Any CPU
		{9A382690-1537-46BE-9E77-E47BAC137771}.Release|iPhone.Build.0 = Release|Any CPU
		{9A382690-1537-46BE-9E77-E47BAC137771}.Release|iPhoneSimulator.ActiveCfg = Release|Any CPU
		{9A382690-1537-46BE-9E77-E47BAC137771}.Release|iPhoneSimulator.Build.0 = Release|Any CPU
	EndGlobalSection
	GlobalSection(SolutionProperties) = preSolution
		HideSolutionNode = FALSE
	EndGlobalSection
	GlobalSection(ExtensibilityGlobals) = postSolution
		SolutionGuid = {34E0A256-820D-4F76-A8D9-970D17F17B96}
	EndGlobalSection
EndGlobal
